
Microsoft Visual Studio Solution File, Format Version 12.00
# Visual Studio 15
VisualStudioVersion = 15.0.28307.1684
MinimumVisualStudioVersion = 10.0.40219.1
Project("{8BC9CEB8-8B4A-11D0-8D11-00A0C91BC942}") = "four", "four\four.vcxproj", "{DD63BE22-C1BE-4F79-B062-CDA6BF8AADFA}"
EndProject
Global
	GlobalSection(SolutionConfigurationPlatforms) = preSolution
		Debug|x86 = Debug|x86
		Release|x86 = Release|x86
	EndGlobalSection
	GlobalSection(ProjectConfigurationPlatforms) = postSolution
		{DD63BE22-C1BE-4F79-B062-CDA6BF8AADFA}.Debug|x86.ActiveCfg = Debug|Win32
		{DD63BE22-C1BE-4F79-B062-CDA6BF8AADFA}.Debug|x86.Build.0 = Debug|Win32
		{DD63BE22-C1BE-4F79-B062-CDA6BF8AADFA}.Release|x86.ActiveCfg = Release|Win32
		{DD63BE22-C1BE-4F79-B062-CDA6BF8AADFA}.Release|x86.Build.0 = Release|Win32
	EndGlobalSection
	GlobalSection(SolutionProperties) = preSolution
		HideSolutionNode = FALSE
	EndGlobalSection
	GlobalSection(ExtensibilityGlobals) = postSolution
		SolutionGuid = {8F3BC3AC-7669-4414-94DE-400B2B4BA434}
	EndGlobalSection
EndGlobal
